
Microsoft Visual Studio Solution File, Format Version 12.00
# Visual Studio Version 17
VisualStudioVersion = 17.2.32616.157
MinimumVisualStudioVersion = 10.0.40219.1
Project("{FAE04EC0-301F-11D3-BF4B-00C04F79EFBC}") = "SixRens.Api", "SixRens.Api\SixRens.Api.csproj", "{C087D06D-F2D0-4E60-B13F-32691A00FFA9}"
EndProject
Global
	GlobalSection(SolutionConfigurationPlatforms) = preSolution
		Debug|Any CPU = Debug|Any CPU
		Release|Any CPU = Release|Any CPU
	EndGlobalSection
	GlobalSection(ProjectConfigurationPlatforms) = postSolution
		{C087D06D-F2D0-4E60-B13F-32691A00FFA9}.Debug|Any CPU.ActiveCfg = Debug|Any CPU
		{C087D06D-F2D0-4E60-B13F-32691A00FFA9}.Debug|Any CPU.Build.0 = Debug|Any CPU
		{C087D06D-F2D0-4E60-B13F-32691A00FFA9}.Release|Any CPU.ActiveCfg = Release|Any CPU
		{C087D06D-F2D0-4E60-B13F-32691A00FFA9}.Release|Any CPU.Build.0 = Release|Any CPU
	EndGlobalSection
	GlobalSection(SolutionProperties) = preSolution
		HideSolutionNode = FALSE
	EndGlobalSection
	GlobalSection(ExtensibilityGlobals) = postSolution
		SolutionGuid = {A5360086-B5F0-4B5B-97E7-F1B5B2701136}
	EndGlobalSection
EndGlobal
